
Microsoft Visual Studio Solution File, Format Version 12.00
# Visual Studio Version 17
VisualStudioVersion = 17.5.33530.505
MinimumVisualStudioVersion = 10.0.40219.1
Project("{FAE04EC0-301F-11D3-BF4B-00C04F79EFBC}") = "CollectionsDemo", "CollectionsDemo.csproj", "{FB68B265-2A8D-4380-8567-8369ACCC64DA}"
EndProject
Global
	GlobalSection(SolutionConfigurationPlatforms) = preSolution
		Debug|Any CPU = Debug|Any CPU
		Release|Any CPU = Release|Any CPU
	EndGlobalSection
	GlobalSection(ProjectConfigurationPlatforms) = postSolution
		{FB68B265-2A8D-4380-8567-8369ACCC64DA}.Debug|Any CPU.ActiveCfg = Debug|Any CPU
		{FB68B265-2A8D-4380-8567-8369ACCC64DA}.Debug|Any CPU.Build.0 = Debug|Any CPU
		{FB68B265-2A8D-4380-8567-8369ACCC64DA}.Release|Any CPU.ActiveCfg = Release|Any CPU
		{FB68B265-2A8D-4380-8567-8369ACCC64DA}.Release|Any CPU.Build.0 = Release|Any CPU
	EndGlobalSection
	GlobalSection(SolutionProperties) = preSolution
		HideSolutionNode = FALSE
	EndGlobalSection
	GlobalSection(ExtensibilityGlobals) = postSolution
		SolutionGuid = {36583C91-E61B-45FE-B79B-0F8E263B1CFF}
	EndGlobalSection
EndGlobal
