
Microsoft Visual Studio Solution File, Format Version 12.00
# Visual Studio Version 17
VisualStudioVersion = 17.5.33530.505
MinimumVisualStudioVersion = 10.0.40219.1
Project("{FAE04EC0-301F-11D3-BF4B-00C04F79EFBC}") = "SwitchCase", "SwitchCase.csproj", "{0C01B782-1B48-439C-951B-087DFF3EAA52}"
EndProject
Global
	GlobalSection(SolutionConfigurationPlatforms) = preSolution
		Debug|Any CPU = Debug|Any CPU
		Release|Any CPU = Release|Any CPU
	EndGlobalSection
	GlobalSection(ProjectConfigurationPlatforms) = postSolution
		{0C01B782-1B48-439C-951B-087DFF3EAA52}.Debug|Any CPU.ActiveCfg = Debug|Any CPU
		{0C01B782-1B48-439C-951B-087DFF3EAA52}.Debug|Any CPU.Build.0 = Debug|Any CPU
		{0C01B782-1B48-439C-951B-087DFF3EAA52}.Release|Any CPU.ActiveCfg = Release|Any CPU
		{0C01B782-1B48-439C-951B-087DFF3EAA52}.Release|Any CPU.Build.0 = Release|Any CPU
	EndGlobalSection
	GlobalSection(SolutionProperties) = preSolution
		HideSolutionNode = FALSE
	EndGlobalSection
	GlobalSection(ExtensibilityGlobals) = postSolution
		SolutionGuid = {31143404-0429-4635-9E76-FE18AA75CE32}
	EndGlobalSection
EndGlobal
