
Microsoft Visual Studio Solution File, Format Version 12.00
# Visual Studio Version 17
VisualStudioVersion = 17.5.33530.505
MinimumVisualStudioVersion = 10.0.40219.1
Project("{FAE04EC0-301F-11D3-BF4B-00C04F79EFBC}") = "OOP concept", "OOP concept.csproj", "{58E5A88D-4E9C-463A-B6B4-AF7708EF2E1D}"
EndProject
Global
	GlobalSection(SolutionConfigurationPlatforms) = preSolution
		Debug|Any CPU = Debug|Any CPU
		Release|Any CPU = Release|Any CPU
	EndGlobalSection
	GlobalSection(ProjectConfigurationPlatforms) = postSolution
		{58E5A88D-4E9C-463A-B6B4-AF7708EF2E1D}.Debug|Any CPU.ActiveCfg = Debug|Any CPU
		{58E5A88D-4E9C-463A-B6B4-AF7708EF2E1D}.Debug|Any CPU.Build.0 = Debug|Any CPU
		{58E5A88D-4E9C-463A-B6B4-AF7708EF2E1D}.Release|Any CPU.ActiveCfg = Release|Any CPU
		{58E5A88D-4E9C-463A-B6B4-AF7708EF2E1D}.Release|Any CPU.Build.0 = Release|Any CPU
	EndGlobalSection
	GlobalSection(SolutionProperties) = preSolution
		HideSolutionNode = FALSE
	EndGlobalSection
	GlobalSection(ExtensibilityGlobals) = postSolution
		SolutionGuid = {D3F13D29-BB6E-4723-A6C2-6767DACC29F3}
	EndGlobalSection
EndGlobal
