
Microsoft Visual Studio Solution File, Format Version 12.00
# Visual Studio Version 17
VisualStudioVersion = 17.5.33530.505
MinimumVisualStudioVersion = 10.0.40219.1
Project("{FAE04EC0-301F-11D3-BF4B-00C04F79EFBC}") = "Largest_Number", "Largest_Number.csproj", "{D5300826-0E78-4823-B557-31D0D91669BE}"
EndProject
Global
	GlobalSection(SolutionConfigurationPlatforms) = preSolution
		Debug|Any CPU = Debug|Any CPU
		Release|Any CPU = Release|Any CPU
	EndGlobalSection
	GlobalSection(ProjectConfigurationPlatforms) = postSolution
		{D5300826-0E78-4823-B557-31D0D91669BE}.Debug|Any CPU.ActiveCfg = Debug|Any CPU
		{D5300826-0E78-4823-B557-31D0D91669BE}.Debug|Any CPU.Build.0 = Debug|Any CPU
		{D5300826-0E78-4823-B557-31D0D91669BE}.Release|Any CPU.ActiveCfg = Release|Any CPU
		{D5300826-0E78-4823-B557-31D0D91669BE}.Release|Any CPU.Build.0 = Release|Any CPU
	EndGlobalSection
	GlobalSection(SolutionProperties) = preSolution
		HideSolutionNode = FALSE
	EndGlobalSection
	GlobalSection(ExtensibilityGlobals) = postSolution
		SolutionGuid = {DD01BA42-19ED-4056-883C-9EF374E0A404}
	EndGlobalSection
EndGlobal
